
Microsoft Visual Studio Solution File, Format Version 12.00
# Visual Studio Version 16
VisualStudioVersion = 16.0.30309.148
MinimumVisualStudioVersion = 10.0.40219.1
Project("{8BC9CEB8-8B4A-11D0-8D11-00A0C91BC942}") = "Network", "Network\Network.vcxproj", "{011F9682-7D6F-47DE-B521-29D1F1152F3B}"
EndProject
Project("{8BC9CEB8-8B4A-11D0-8D11-00A0C91BC942}") = "Audio", "Audio\Audio.vcxproj", "{00E985E9-B1CC-4129-9F72-4552C0E9AF09}"
EndProject
Project("{8BC9CEB8-8B4A-11D0-8D11-00A0C91BC942}") = "Neuralnet", "Neuralnet\Neuralnet.vcxproj", "{F069AF3A-B30D-4E83-A4C9-1887B5330C87}"
EndProject
Project("{8BC9CEB8-8B4A-11D0-8D11-00A0C91BC942}") = "VisualNeuron", "VisualNeuron\VisualNeuron.vcxproj", "{C0FA82DE-F463-4244-BEF0-597D8744EA31}"
	ProjectSection(ProjectDependencies) = postProject
		{F069AF3A-B30D-4E83-A4C9-1887B5330C87} = {F069AF3A-B30D-4E83-A4C9-1887B5330C87}
	EndProjectSection
EndProject
Global
	GlobalSection(SolutionConfigurationPlatforms) = preSolution
		Debug|x64 = Debug|x64
		Debug|x86 = Debug|x86
		Release|x64 = Release|x64
		Release|x86 = Release|x86
	EndGlobalSection
	GlobalSection(ProjectConfigurationPlatforms) = postSolution
		{011F9682-7D6F-47DE-B521-29D1F1152F3B}.Debug|x64.ActiveCfg = Debug|x64
		{011F9682-7D6F-47DE-B521-29D1F1152F3B}.Debug|x86.ActiveCfg = Debug|Win32
		{011F9682-7D6F-47DE-B521-29D1F1152F3B}.Release|x64.ActiveCfg = Release|x64
		{011F9682-7D6F-47DE-B521-29D1F1152F3B}.Release|x86.ActiveCfg = Release|Win32
		{00E985E9-B1CC-4129-9F72-4552C0E9AF09}.Debug|x64.ActiveCfg = Debug|x64
		{00E985E9-B1CC-4129-9F72-4552C0E9AF09}.Debug|x86.ActiveCfg = Debug|Win32
		{00E985E9-B1CC-4129-9F72-4552C0E9AF09}.Release|x64.ActiveCfg = Release|x64
		{00E985E9-B1CC-4129-9F72-4552C0E9AF09}.Release|x86.ActiveCfg = Release|Win32
		{F069AF3A-B30D-4E83-A4C9-1887B5330C87}.Debug|x64.ActiveCfg = Debug|x64
		{F069AF3A-B30D-4E83-A4C9-1887B5330C87}.Debug|x64.Build.0 = Debug|x64
		{F069AF3A-B30D-4E83-A4C9-1887B5330C87}.Debug|x86.ActiveCfg = Debug|Win32
		{F069AF3A-B30D-4E83-A4C9-1887B5330C87}.Debug|x86.Build.0 = Debug|Win32
		{F069AF3A-B30D-4E83-A4C9-1887B5330C87}.Release|x64.ActiveCfg = Release|x64
		{F069AF3A-B30D-4E83-A4C9-1887B5330C87}.Release|x64.Build.0 = Release|x64
		{F069AF3A-B30D-4E83-A4C9-1887B5330C87}.Release|x86.ActiveCfg = Release|Win32
		{F069AF3A-B30D-4E83-A4C9-1887B5330C87}.Release|x86.Build.0 = Release|Win32
		{C0FA82DE-F463-4244-BEF0-597D8744EA31}.Debug|x64.ActiveCfg = Debug|x64
		{C0FA82DE-F463-4244-BEF0-597D8744EA31}.Debug|x64.Build.0 = Debug|x64
		{C0FA82DE-F463-4244-BEF0-597D8744EA31}.Debug|x86.ActiveCfg = Debug|Win32
		{C0FA82DE-F463-4244-BEF0-597D8744EA31}.Debug|x86.Build.0 = Debug|Win32
		{C0FA82DE-F463-4244-BEF0-597D8744EA31}.Release|x64.ActiveCfg = Release|x64
		{C0FA82DE-F463-4244-BEF0-597D8744EA31}.Release|x64.Build.0 = Release|x64
		{C0FA82DE-F463-4244-BEF0-597D8744EA31}.Release|x86.ActiveCfg = Release|Win32
		{C0FA82DE-F463-4244-BEF0-597D8744EA31}.Release|x86.Build.0 = Release|Win32
	EndGlobalSection
	GlobalSection(SolutionProperties) = preSolution
		HideSolutionNode = FALSE
	EndGlobalSection
	GlobalSection(ExtensibilityGlobals) = postSolution
		SolutionGuid = {D0A3FCF7-6DF3-4727-89A5-7C55AA3C7B91}
	EndGlobalSection
EndGlobal
